
Microsoft Visual Studio Solution File, Format Version 12.00
# Visual Studio Version 16
VisualStudioVersion = 16.0.28803.452
MinimumVisualStudioVersion = 10.0.40219.1
Project("{9A19103F-16F7-4668-BE54-9A1E7A4F7556}") = "AdventOfCode", "AdventOfCode\AdventOfCode.csproj", "{925E3F23-5ACC-4301-91C9-0765CBE0C32F}"
EndProject
Project("{6EC3EE1D-3C4E-46DD-8F32-0CC8E7565705}") = "AdventOfCodeFs", "AdventOfCodeFs\AdventOfCodeFs.fsproj", "{9852A36A-CA50-40B3-9954-32CB05BBF0D3}"
EndProject
Global
	GlobalSection(SolutionConfigurationPlatforms) = preSolution
		Debug|Any CPU = Debug|Any CPU
		Release|Any CPU = Release|Any CPU
	EndGlobalSection
	GlobalSection(ProjectConfigurationPlatforms) = postSolution
		{925E3F23-5ACC-4301-91C9-0765CBE0C32F}.Debug|Any CPU.ActiveCfg = Debug|Any CPU
		{925E3F23-5ACC-4301-91C9-0765CBE0C32F}.Debug|Any CPU.Build.0 = Debug|Any CPU
		{925E3F23-5ACC-4301-91C9-0765CBE0C32F}.Release|Any CPU.ActiveCfg = Release|Any CPU
		{925E3F23-5ACC-4301-91C9-0765CBE0C32F}.Release|Any CPU.Build.0 = Release|Any CPU
		{9852A36A-CA50-40B3-9954-32CB05BBF0D3}.Debug|Any CPU.ActiveCfg = Debug|Any CPU
		{9852A36A-CA50-40B3-9954-32CB05BBF0D3}.Debug|Any CPU.Build.0 = Debug|Any CPU
		{9852A36A-CA50-40B3-9954-32CB05BBF0D3}.Release|Any CPU.ActiveCfg = Release|Any CPU
		{9852A36A-CA50-40B3-9954-32CB05BBF0D3}.Release|Any CPU.Build.0 = Release|Any CPU
	EndGlobalSection
	GlobalSection(SolutionProperties) = preSolution
		HideSolutionNode = FALSE
	EndGlobalSection
	GlobalSection(ExtensibilityGlobals) = postSolution
		SolutionGuid = {B62420E0-814F-4DBD-A1C0-E0A315D5A7A5}
	EndGlobalSection
EndGlobal
